<?xml version="1.0" encoding="utf-8"?>
<Project ToolsVersion="4.0" xmlns="http://schemas.microsoft.com/developer/msbuild/2003">
  <ItemGroup>
    <Filter Include="Header Files">
      <UniqueIdentifier>{93995380-89BD-4b04-88EB-625FBE52EBFB}</UniqueIdentifier>
      <Extensions>h;hh;hpp;hxx;hm;inl;inc;xsd</Extensions>
    </Filter>
    <Filter Include="Header Files\geometry">
      <UniqueIdentifier>{a160f480-958a-4842-b5cd-c544056bf0cd}</UniqueIdentifier>
    </Filter>
    <Filter Include="Header Files\Scene">
      <UniqueIdentifier>{f588cab8-f9a0-49a9-b913-6bf222a70a57}</UniqueIdentifier>
    </Filter>
    <Filter Include="Header Files\ShaderSupport">
      <UniqueIdentifier>{e819eafc-6845-45cd-a0ec-758027259251}</UniqueIdentifier>
    </Filter>
    <Filter Include="shaders">
      <UniqueIdentifier>{d6835660-7dcf-496e-8dec-5d96865a63c4}</UniqueIdentifier>
    </Filter>
    <Filter Include="images">
      <UniqueIdentifier>{9efde96a-7ecd-4616-a753-214fdb662edb}</UniqueIdentifier>
    </Filter>
  </ItemGroup>
  <ItemGroup>
    <ClInclude Include="..\geometry\AABB.h">
      <Filter>Header Files\geometry</Filter>
    </ClInclude>
    <ClInclude Include="..\geometry\BoundingSphere.h">
      <Filter>Header Files\geometry</Filter>
    </ClInclude>
    <ClInclude Include="..\geometry\geometry.h">
      <Filter>Header Files\geometry</Filter>
    </ClInclude>
    <ClInclude Include="..\geometry\HPoint2.h">
      <Filter>Header Files\geometry</Filter>
    </ClInclude>
    <ClInclude Include="..\geometry\HPoint3.h">
      <Filter>Header Files\geometry</Filter>
    </ClInclude>
    <ClInclude Include="..\geometry\Matrix.h">
      <Filter>Header Files\geometry</Filter>
    </ClInclude>
    <ClInclude Include="..\geometry\Noise.h">
      <Filter>Header Files\geometry</Filter>
    </ClInclude>
    <ClInclude Include="..\geometry\Plane.h">
      <Filter>Header Files\geometry</Filter>
    </ClInclude>
    <ClInclude Include="..\geometry\Point2.h">
      <Filter>Header Files\geometry</Filter>
    </ClInclude>
    <ClInclude Include="..\geometry\Point3.h">
      <Filter>Header Files\geometry</Filter>
    </ClInclude>
    <ClInclude Include="..\geometry\Ray3.h">
      <Filter>Header Files\geometry</Filter>
    </ClInclude>
    <ClInclude Include="..\geometry\Segment2.h">
      <Filter>Header Files\geometry</Filter>
    </ClInclude>
    <ClInclude Include="..\geometry\Segment3.h">
      <Filter>Header Files\geometry</Filter>
    </ClInclude>
    <ClInclude Include="..\geometry\Vector2.h">
      <Filter>Header Files\geometry</Filter>
    </ClInclude>
    <ClInclude Include="..\geometry\Vector3.h">
      <Filter>Header Files\geometry</Filter>
    </ClInclude>
    <ClInclude Include="..\Scene\CameraNode.h">
      <Filter>Header Files\Scene</Filter>
    </ClInclude>
    <ClInclude Include="..\Scene\Color3.h">
      <Filter>Header Files\Scene</Filter>
    </ClInclude>
    <ClInclude Include="..\Scene\Color4.h">
      <Filter>Header Files\Scene</Filter>
    </ClInclude>
    <ClInclude Include="..\Scene\ConicSurface.h">
      <Filter>Header Files\Scene</Filter>
    </ClInclude>
    <ClInclude Include="..\Scene\GeometryNode.h">
      <Filter>Header Files\Scene</Filter>
    </ClInclude>
    <ClInclude Include="..\Scene\LightNode.h">
      <Filter>Header Files\Scene</Filter>
    </ClInclude>
    <ClInclude Include="..\Scene\MeshTeapot.h">
      <Filter>Header Files\Scene</Filter>
    </ClInclude>
    <ClInclude Include="..\Scene\PresentationNode.h">
      <Filter>Header Files\Scene</Filter>
    </ClInclude>
    <ClInclude Include="..\Scene\Scene.h">
      <Filter>Header Files\Scene</Filter>
    </ClInclude>
    <ClInclude Include="..\Scene\SceneNode.h">
      <Filter>Header Files\Scene</Filter>
    </ClInclude>
    <ClInclude Include="..\Scene\SceneState.h">
      <Filter>Header Files\Scene</Filter>
    </ClInclude>
    <ClInclude Include="..\Scene\ShaderNode.h">
      <Filter>Header Files\Scene</Filter>
    </ClInclude>
    <ClInclude Include="..\Scene\SphereSection.h">
      <Filter>Header Files\Scene</Filter>
    </ClInclude>
    <ClInclude Include="..\Scene\Torus.h">
      <Filter>Header Files\Scene</Filter>
    </ClInclude>
    <ClInclude Include="..\Scene\TransformNode.h">
      <Filter>Header Files\Scene</Filter>
    </ClInclude>
    <ClInclude Include="..\Scene\TriSurface.h">
      <Filter>Header Files\Scene</Filter>
    </ClInclude>
    <ClInclude Include="..\Scene\UnitSquare.h">
      <Filter>Header Files\Scene</Filter>
    </ClInclude>
    <ClInclude Include="..\ShaderSupport\GLSLFragmentShader.h">
      <Filter>Header Files\ShaderSupport</Filter>
    </ClInclude>
    <ClInclude Include="..\ShaderSupport\GLSLShader.h">
      <Filter>Header Files\ShaderSupport</Filter>
    </ClInclude>
    <ClInclude Include="..\ShaderSupport\GLSLShaderProgram.h">
      <Filter>Header Files\ShaderSupport</Filter>
    </ClInclude>
    <ClInclude Include="..\ShaderSupport\GLSLVertexShader.h">
      <Filter>Header Files\ShaderSupport</Filter>
    </ClInclude>
    <ClInclude Include="LightingShaderNode.h" />
    <ClInclude Include="BallTransform.h" />
    <ClInclude Include="Fitting.h">
      <Filter>Header Files\Scene</Filter>
    </ClInclude>
  </ItemGroup>
  <ItemGroup>
    <None Include="..\geometry\geometry.suo">
      <Filter>Header Files\geometry</Filter>
    </None>
    <None Include="phong.frag">
      <Filter>shaders</Filter>
    </None>
    <None Include="phong.vert">
      <Filter>shaders</Filter>
    </None>
    <None Include="..\images\stone.bin">
      <Filter>images</Filter>
    </None>
  </ItemGroup>
  <ItemGroup>
    <ClCompile Include="Final.cpp" />
    <ClCompile Include="gl3w.c" />
  </ItemGroup>
</Project>